// !$*UTF8*$!
{
	archiveVersion = 1;
	classes = {
	};
	objectVersion = 56;
	objects = {

/* Begin PBXBuildFile section */
		8C44D581298E450E0058994A /* MovieItemView.swift in Sources */ = {isa = PBXBuildFile; fileRef = 8C44D580298E450E0058994A /* MovieItemView.swift */; };
		8C44D583298E4A2C0058994A /* LoadingViewModifier.swift in Sources */ = {isa = PBXBuildFile; fileRef = 8C44D582298E4A2C0058994A /* LoadingViewModifier.swift */; };
		8C44D585298E6F230058994A /* MovieDetailView.swift in Sources */ = {isa = PBXBuildFile; fileRef = 8C44D584298E6F230058994A /* MovieDetailView.swift */; };
		8C44D587298E703C0058994A /* ErrorViewModifier.swift in Sources */ = {isa = PBXBuildFile; fileRef = 8C44D586298E703C0058994A /* ErrorViewModifier.swift */; };
		8C44D589298E82A70058994A /* MovieDetailResponseDTO.swift in Sources */ = {isa = PBXBuildFile; fileRef = 8C44D588298E82A70058994A /* MovieDetailResponseDTO.swift */; };
		8C44D58B298E85DB0058994A /* MovieDetailEntity.swift in Sources */ = {isa = PBXBuildFile; fileRef = 8C44D58A298E85DB0058994A /* MovieDetailEntity.swift */; };
		8C44D58D298E99B20058994A /* UINavigationController.swift in Sources */ = {isa = PBXBuildFile; fileRef = 8C44D58C298E99B20058994A /* UINavigationController.swift */; };
		8C44D58F298E9A120058994A /* BackButton.swift in Sources */ = {isa = PBXBuildFile; fileRef = 8C44D58E298E9A120058994A /* BackButton.swift */; };
		8C44D591298EAF380058994A /* SearchViewModel.swift in Sources */ = {isa = PBXBuildFile; fileRef = 8C44D590298EAF380058994A /* SearchViewModel.swift */; };
		8C44D593298F65AD0058994A /* GenreView.swift in Sources */ = {isa = PBXBuildFile; fileRef = 8C44D592298F65AD0058994A /* GenreView.swift */; };
		8C44D596298F70C80058994A /* UserDefaultsWrapper.swift in Sources */ = {isa = PBXBuildFile; fileRef = 8C44D595298F70C80058994A /* UserDefaultsWrapper.swift */; };
		8C44D599298F71820058994A /* UserDefaultsRepositoryInterface.swift in Sources */ = {isa = PBXBuildFile; fileRef = 8C44D598298F71820058994A /* UserDefaultsRepositoryInterface.swift */; };
		8C44D5A1298F75590058994A /* UserDefaultsStorage.swift in Sources */ = {isa = PBXBuildFile; fileRef = 8C44D5A0298F75590058994A /* UserDefaultsStorage.swift */; };
		8C44D5A3298F7ABD0058994A /* UserDefaultsRepository.swift in Sources */ = {isa = PBXBuildFile; fileRef = 8C44D5A2298F7ABD0058994A /* UserDefaultsRepository.swift */; };
		8C44D5A6298F7C580058994A /* UserDefaultsUseCase.swift in Sources */ = {isa = PBXBuildFile; fileRef = 8C44D5A5298F7C580058994A /* UserDefaultsUseCase.swift */; };
		8C44D5A8298F7EFF0058994A /* BookmarkViewModel.swift in Sources */ = {isa = PBXBuildFile; fileRef = 8C44D5A7298F7EFF0058994A /* BookmarkViewModel.swift */; };
		8C44D5AA298F8E570058994A /* MovieInfoRow.swift in Sources */ = {isa = PBXBuildFile; fileRef = 8C44D5A9298F8E570058994A /* MovieInfoRow.swift */; };
		8C44D5AC298F95710058994A /* DoubleTapAnimationViewModifier.swift in Sources */ = {isa = PBXBuildFile; fileRef = 8C44D5AB298F95710058994A /* DoubleTapAnimationViewModifier.swift */; };
		8CD354A8298DEEEB0027FA94 /* MVVM-Sample.swift in Sources */ = {isa = PBXBuildFile; fileRef = 8CD354A7298DEEEB0027FA94 /* MVVM-Sample.swift */; };
		8CD354AA298DEEEB0027FA94 /* MovieListView.swift in Sources */ = {isa = PBXBuildFile; fileRef = 8CD354A9298DEEEB0027FA94 /* MovieListView.swift */; };
		8CD354AC298DEEEB0027FA94 /* Assets.xcassets in Resources */ = {isa = PBXBuildFile; fileRef = 8CD354AB298DEEEB0027FA94 /* Assets.xcassets */; };
		8CD354B0298DEEEB0027FA94 /* Preview Assets.xcassets in Resources */ = {isa = PBXBuildFile; fileRef = 8CD354AF298DEEEB0027FA94 /* Preview Assets.xcassets */; };
		8CD354E7298DFAD80027FA94 /* NetworkUtil.swift in Sources */ = {isa = PBXBuildFile; fileRef = 8CD354E6298DFAD80027FA94 /* NetworkUtil.swift */; };
		8CD354E9298DFC910027FA94 /* AppDI.swift in Sources */ = {isa = PBXBuildFile; fileRef = 8CD354E8298DFC910027FA94 /* AppDI.swift */; };
		8CD354EB298DFCCB0027FA94 /* AppDIContainerInterface.swift in Sources */ = {isa = PBXBuildFile; fileRef = 8CD354EA298DFCCB0027FA94 /* AppDIContainerInterface.swift */; };
		8CD354EE298DFDC60027FA94 /* NetworkError.swift in Sources */ = {isa = PBXBuildFile; fileRef = 8CD354ED298DFDC60027FA94 /* NetworkError.swift */; };
		8CD354F0298DFE280027FA94 /* MovieDataSource.swift in Sources */ = {isa = PBXBuildFile; fileRef = 8CD354EF298DFE280027FA94 /* MovieDataSource.swift */; };
		8CD354F2298E00A00027FA94 /* MovieResponseDTO.swift in Sources */ = {isa = PBXBuildFile; fileRef = 8CD354F1298E00A00027FA94 /* MovieResponseDTO.swift */; };
		8CD354F4298E02310027FA94 /* MovieDTO.swift in Sources */ = {isa = PBXBuildFile; fileRef = 8CD354F3298E02310027FA94 /* MovieDTO.swift */; };
		8CD354F6298E07370027FA94 /* MovieRepository.swift in Sources */ = {isa = PBXBuildFile; fileRef = 8CD354F5298E07370027FA94 /* MovieRepository.swift */; };
		8CD354F8298E07590027FA94 /* MovieRepositoryInterface.swift in Sources */ = {isa = PBXBuildFile; fileRef = 8CD354F7298E07590027FA94 /* MovieRepositoryInterface.swift */; };
		8CD354FA298E077B0027FA94 /* MovieEntity.swift in Sources */ = {isa = PBXBuildFile; fileRef = 8CD354F9298E077B0027FA94 /* MovieEntity.swift */; };
		8CD354FC298E09630027FA94 /* MovieListEntity.swift in Sources */ = {isa = PBXBuildFile; fileRef = 8CD354FB298E09630027FA94 /* MovieListEntity.swift */; };
		8CD354FE298E0D8E0027FA94 /* MovieUseCase.swift in Sources */ = {isa = PBXBuildFile; fileRef = 8CD354FD298E0D8E0027FA94 /* MovieUseCase.swift */; };
		8CD35500298E0E050027FA94 /* MovieViewModel.swift in Sources */ = {isa = PBXBuildFile; fileRef = 8CD354FF298E0E050027FA94 /* MovieViewModel.swift */; };
		8CD35502298E18C80027FA94 /* AsyncImageLoader.swift in Sources */ = {isa = PBXBuildFile; fileRef = 8CD35501298E18C80027FA94 /* AsyncImageLoader.swift */; };
		8CD35507298E1EC70027FA94 /* View.swift in Sources */ = {isa = PBXBuildFile; fileRef = 8CD35506298E1EC70027FA94 /* View.swift */; };
		8CD3550A298E21240027FA94 /* BottomTabView.swift in Sources */ = {isa = PBXBuildFile; fileRef = 8CD35509298E21240027FA94 /* BottomTabView.swift */; };
		8CD3550D298E224A0027FA94 /* ViewRouter.swift in Sources */ = {isa = PBXBuildFile; fileRef = 8CD3550C298E224A0027FA94 /* ViewRouter.swift */; };
		8CD3550F298E234A0027FA94 /* NavigationBarModifier.swift in Sources */ = {isa = PBXBuildFile; fileRef = 8CD3550E298E234A0027FA94 /* NavigationBarModifier.swift */; };
		8CD35511298E23ED0027FA94 /* UIApplication.swift in Sources */ = {isa = PBXBuildFile; fileRef = 8CD35510298E23ED0027FA94 /* UIApplication.swift */; };
		8CD35513298E27050027FA94 /* MainView.swift in Sources */ = {isa = PBXBuildFile; fileRef = 8CD35512298E27050027FA94 /* MainView.swift */; };
		8CD35515298E29D50027FA94 /* TabBarIcon.swift in Sources */ = {isa = PBXBuildFile; fileRef = 8CD35514298E29D50027FA94 /* TabBarIcon.swift */; };
		8CD35517298E34310027FA94 /* SearchView.swift in Sources */ = {isa = PBXBuildFile; fileRef = 8CD35516298E34310027FA94 /* SearchView.swift */; };
		8CD35519298E343F0027FA94 /* BookmarkView.swift in Sources */ = {isa = PBXBuildFile; fileRef = 8CD35518298E343F0027FA94 /* BookmarkView.swift */; };
		8CD3551B298E3E400027FA94 /* RefreshableScrollView.swift in Sources */ = {isa = PBXBuildFile; fileRef = 8CD3551A298E3E400027FA94 /* RefreshableScrollView.swift */; };
		8CD3551D298E3EA80027FA94 /* OffsetPreferenceKey.swift in Sources */ = {isa = PBXBuildFile; fileRef = 8CD3551C298E3EA80027FA94 /* OffsetPreferenceKey.swift */; };
		8CD3551F298E3EC30027FA94 /* Comparable.swift in Sources */ = {isa = PBXBuildFile; fileRef = 8CD3551E298E3EC30027FA94 /* Comparable.swift */; };
/* End PBXBuildFile section */

/* Begin PBXFileReference section */
		8C44D580298E450E0058994A /* MovieItemView.swift */ = {isa = PBXFileReference; lastKnownFileType = sourcecode.swift; path = MovieItemView.swift; sourceTree = "<group>"; };
		8C44D582298E4A2C0058994A /* LoadingViewModifier.swift */ = {isa = PBXFileReference; lastKnownFileType = sourcecode.swift; path = LoadingViewModifier.swift; sourceTree = "<group>"; };
		8C44D584298E6F230058994A /* MovieDetailView.swift */ = {isa = PBXFileReference; lastKnownFileType = sourcecode.swift; path = MovieDetailView.swift; sourceTree = "<group>"; };
		8C44D586298E703C0058994A /* ErrorViewModifier.swift */ = {isa = PBXFileReference; lastKnownFileType = sourcecode.swift; path = ErrorViewModifier.swift; sourceTree = "<group>"; };
		8C44D588298E82A70058994A /* MovieDetailResponseDTO.swift */ = {isa = PBXFileReference; lastKnownFileType = sourcecode.swift; path = MovieDetailResponseDTO.swift; sourceTree = "<group>"; };
		8C44D58A298E85DB0058994A /* MovieDetailEntity.swift */ = {isa = PBXFileReference; lastKnownFileType = sourcecode.swift; path = MovieDetailEntity.swift; sourceTree = "<group>"; };
		8C44D58C298E99B20058994A /* UINavigationController.swift */ = {isa = PBXFileReference; lastKnownFileType = sourcecode.swift; path = UINavigationController.swift; sourceTree = "<group>"; };
		8C44D58E298E9A120058994A /* BackButton.swift */ = {isa = PBXFileReference; lastKnownFileType = sourcecode.swift; path = BackButton.swift; sourceTree = "<group>"; };
		8C44D590298EAF380058994A /* SearchViewModel.swift */ = {isa = PBXFileReference; lastKnownFileType = sourcecode.swift; path = SearchViewModel.swift; sourceTree = "<group>"; };
		8C44D592298F65AD0058994A /* GenreView.swift */ = {isa = PBXFileReference; lastKnownFileType = sourcecode.swift; path = GenreView.swift; sourceTree = "<group>"; };
		8C44D595298F70C80058994A /* UserDefaultsWrapper.swift */ = {isa = PBXFileReference; lastKnownFileType = sourcecode.swift; path = UserDefaultsWrapper.swift; sourceTree = "<group>"; };
		8C44D598298F71820058994A /* UserDefaultsRepositoryInterface.swift */ = {isa = PBXFileReference; lastKnownFileType = sourcecode.swift; path = UserDefaultsRepositoryInterface.swift; sourceTree = "<group>"; };
		8C44D5A0298F75590058994A /* UserDefaultsStorage.swift */ = {isa = PBXFileReference; fileEncoding = 4; lastKnownFileType = sourcecode.swift; path = UserDefaultsStorage.swift; sourceTree = "<group>"; };
		8C44D5A2298F7ABD0058994A /* UserDefaultsRepository.swift */ = {isa = PBXFileReference; lastKnownFileType = sourcecode.swift; path = UserDefaultsRepository.swift; sourceTree = "<group>"; };
		8C44D5A5298F7C580058994A /* UserDefaultsUseCase.swift */ = {isa = PBXFileReference; lastKnownFileType = sourcecode.swift; path = UserDefaultsUseCase.swift; sourceTree = "<group>"; };
		8C44D5A7298F7EFF0058994A /* BookmarkViewModel.swift */ = {isa = PBXFileReference; lastKnownFileType = sourcecode.swift; path = BookmarkViewModel.swift; sourceTree = "<group>"; };
		8C44D5A9298F8E570058994A /* MovieInfoRow.swift */ = {isa = PBXFileReference; lastKnownFileType = sourcecode.swift; path = MovieInfoRow.swift; sourceTree = "<group>"; };
		8C44D5AB298F95710058994A /* DoubleTapAnimationViewModifier.swift */ = {isa = PBXFileReference; lastKnownFileType = sourcecode.swift; path = DoubleTapAnimationViewModifier.swift; sourceTree = "<group>"; };
		8CD354A4298DEEEB0027FA94 /* MVVM-Sample.app */ = {isa = PBXFileReference; explicitFileType = wrapper.application; includeInIndex = 0; path = "MVVM-Sample.app"; sourceTree = BUILT_PRODUCTS_DIR; };
		8CD354A7298DEEEB0027FA94 /* MVVM-Sample.swift */ = {isa = PBXFileReference; lastKnownFileType = sourcecode.swift; path = "MVVM-Sample.swift"; sourceTree = "<group>"; };
		8CD354A9298DEEEB0027FA94 /* MovieListView.swift */ = {isa = PBXFileReference; lastKnownFileType = sourcecode.swift; path = MovieListView.swift; sourceTree = "<group>"; };
		8CD354AB298DEEEB0027FA94 /* Assets.xcassets */ = {isa = PBXFileReference; lastKnownFileType = folder.assetcatalog; path = Assets.xcassets; sourceTree = "<group>"; };
		8CD354AD298DEEEB0027FA94 /* MVVM-Sample.entitlements */ = {isa = PBXFileReference; lastKnownFileType = text.plist.entitlements; path = "MVVM-Sample.entitlements"; sourceTree = "<group>"; };
		8CD354AF298DEEEB0027FA94 /* Preview Assets.xcassets */ = {isa = PBXFileReference; lastKnownFileType = folder.assetcatalog; path = "Preview Assets.xcassets"; sourceTree = "<group>"; };
		8CD354E5298DFAAA0027FA94 /* Info.plist */ = {isa = PBXFileReference; lastKnownFileType = text.plist; path = Info.plist; sourceTree = "<group>"; };
		8CD354E6298DFAD80027FA94 /* NetworkUtil.swift */ = {isa = PBXFileReference; lastKnownFileType = sourcecode.swift; path = NetworkUtil.swift; sourceTree = "<group>"; };
		8CD354E8298DFC910027FA94 /* AppDI.swift */ = {isa = PBXFileReference; lastKnownFileType = sourcecode.swift; path = AppDI.swift; sourceTree = "<group>"; };
		8CD354EA298DFCCB0027FA94 /* AppDIContainerInterface.swift */ = {isa = PBXFileReference; lastKnownFileType = sourcecode.swift; path = AppDIContainerInterface.swift; sourceTree = "<group>"; };
		8CD354ED298DFDC60027FA94 /* NetworkError.swift */ = {isa = PBXFileReference; lastKnownFileType = sourcecode.swift; path = NetworkError.swift; sourceTree = "<group>"; };
		8CD354EF298DFE280027FA94 /* MovieDataSource.swift */ = {isa = PBXFileReference; lastKnownFileType = sourcecode.swift; path = MovieDataSource.swift; sourceTree = "<group>"; };
		8CD354F1298E00A00027FA94 /* MovieResponseDTO.swift */ = {isa = PBXFileReference; lastKnownFileType = sourcecode.swift; path = MovieResponseDTO.swift; sourceTree = "<group>"; };
		8CD354F3298E02310027FA94 /* MovieDTO.swift */ = {isa = PBXFileReference; lastKnownFileType = sourcecode.swift; path = MovieDTO.swift; sourceTree = "<group>"; };
		8CD354F5298E07370027FA94 /* MovieRepository.swift */ = {isa = PBXFileReference; lastKnownFileType = sourcecode.swift; path = MovieRepository.swift; sourceTree = "<group>"; };
		8CD354F7298E07590027FA94 /* MovieRepositoryInterface.swift */ = {isa = PBXFileReference; lastKnownFileType = sourcecode.swift; path = MovieRepositoryInterface.swift; sourceTree = "<group>"; };
		8CD354F9298E077B0027FA94 /* MovieEntity.swift */ = {isa = PBXFileReference; lastKnownFileType = sourcecode.swift; path = MovieEntity.swift; sourceTree = "<group>"; };
		8CD354FB298E09630027FA94 /* MovieListEntity.swift */ = {isa = PBXFileReference; lastKnownFileType = sourcecode.swift; path = MovieListEntity.swift; sourceTree = "<group>"; };
		8CD354FD298E0D8E0027FA94 /* MovieUseCase.swift */ = {isa = PBXFileReference; lastKnownFileType = sourcecode.swift; path = MovieUseCase.swift; sourceTree = "<group>"; };
		8CD354FF298E0E050027FA94 /* MovieViewModel.swift */ = {isa = PBXFileReference; lastKnownFileType = sourcecode.swift; path = MovieViewModel.swift; sourceTree = "<group>"; };
		8CD35501298E18C80027FA94 /* AsyncImageLoader.swift */ = {isa = PBXFileReference; lastKnownFileType = sourcecode.swift; path = AsyncImageLoader.swift; sourceTree = "<group>"; };
		8CD35506298E1EC70027FA94 /* View.swift */ = {isa = PBXFileReference; lastKnownFileType = sourcecode.swift; path = View.swift; sourceTree = "<group>"; };
		8CD35509298E21240027FA94 /* BottomTabView.swift */ = {isa = PBXFileReference; lastKnownFileType = sourcecode.swift; path = BottomTabView.swift; sourceTree = "<group>"; };
		8CD3550C298E224A0027FA94 /* ViewRouter.swift */ = {isa = PBXFileReference; lastKnownFileType = sourcecode.swift; path = ViewRouter.swift; sourceTree = "<group>"; };
		8CD3550E298E234A0027FA94 /* NavigationBarModifier.swift */ = {isa = PBXFileReference; lastKnownFileType = sourcecode.swift; path = NavigationBarModifier.swift; sourceTree = "<group>"; };
		8CD35510298E23ED0027FA94 /* UIApplication.swift */ = {isa = PBXFileReference; lastKnownFileType = sourcecode.swift; path = UIApplication.swift; sourceTree = "<group>"; };
		8CD35512298E27050027FA94 /* MainView.swift */ = {isa = PBXFileReference; lastKnownFileType = sourcecode.swift; path = MainView.swift; sourceTree = "<group>"; };
		8CD35514298E29D50027FA94 /* TabBarIcon.swift */ = {isa = PBXFileReference; lastKnownFileType = sourcecode.swift; path = TabBarIcon.swift; sourceTree = "<group>"; };
		8CD35516298E34310027FA94 /* SearchView.swift */ = {isa = PBXFileReference; lastKnownFileType = sourcecode.swift; path = SearchView.swift; sourceTree = "<group>"; };
		8CD35518298E343F0027FA94 /* BookmarkView.swift */ = {isa = PBXFileReference; lastKnownFileType = sourcecode.swift; path = BookmarkView.swift; sourceTree = "<group>"; };
		8CD3551A298E3E400027FA94 /* RefreshableScrollView.swift */ = {isa = PBXFileReference; lastKnownFileType = sourcecode.swift; path = RefreshableScrollView.swift; sourceTree = "<group>"; };
		8CD3551C298E3EA80027FA94 /* OffsetPreferenceKey.swift */ = {isa = PBXFileReference; lastKnownFileType = sourcecode.swift; path = OffsetPreferenceKey.swift; sourceTree = "<group>"; };
		8CD3551E298E3EC30027FA94 /* Comparable.swift */ = {isa = PBXFileReference; lastKnownFileType = sourcecode.swift; path = Comparable.swift; sourceTree = "<group>"; };
/* End PBXFileReference section */

/* Begin PBXFrameworksBuildPhase section */
		8CD354A1298DEEEB0027FA94 /* Frameworks */ = {
			isa = PBXFrameworksBuildPhase;
			buildActionMask = 2147483647;
			files = (
			);
			runOnlyForDeploymentPostprocessing = 0;
		};
/* End PBXFrameworksBuildPhase section */

/* Begin PBXGroup section */
		8C44D57F298E44F80058994A /* MovieView */ = {
			isa = PBXGroup;
			children = (
				8CD354A9298DEEEB0027FA94 /* MovieListView.swift */,
				8C44D580298E450E0058994A /* MovieItemView.swift */,
				8C44D584298E6F230058994A /* MovieDetailView.swift */,
			);
			path = MovieView;
			sourceTree = "<group>";
		};
		8C44D594298F70AC0058994A /* PropertyWrapper */ = {
			isa = PBXGroup;
			children = (
				8C44D595298F70C80058994A /* UserDefaultsWrapper.swift */,
			);
			path = PropertyWrapper;
			sourceTree = "<group>";
		};
		8C44D597298F716D0058994A /* Local */ = {
			isa = PBXGroup;
			children = (
				8C44D598298F71820058994A /* UserDefaultsRepositoryInterface.swift */,
			);
			path = Local;
			sourceTree = "<group>";
		};
		8C44D59A298F718B0058994A /* Local */ = {
			isa = PBXGroup;
			children = (
				8C44D5A4298F7AC20058994A /* UserDefaultsStorage */,
				8C44D5A2298F7ABD0058994A /* UserDefaultsRepository.swift */,
			);
			path = Local;
			sourceTree = "<group>";
		};
		8C44D59D298F72290058994A /* Common */ = {
			isa = PBXGroup;
			children = (
				8C44D592298F65AD0058994A /* GenreView.swift */,
				8C44D5A9298F8E570058994A /* MovieInfoRow.swift */,
			);
			path = Common;
			sourceTree = "<group>";
		};
		8C44D59E298F72380058994A /* SearchView */ = {
			isa = PBXGroup;
			children = (
				8CD35516298E34310027FA94 /* SearchView.swift */,
			);
			path = SearchView;
			sourceTree = "<group>";
		};
		8C44D59F298F723F0058994A /* BookmarkView */ = {
			isa = PBXGroup;
			children = (
				8CD35518298E343F0027FA94 /* BookmarkView.swift */,
			);
			path = BookmarkView;
			sourceTree = "<group>";
		};
		8C44D5A4298F7AC20058994A /* UserDefaultsStorage */ = {
			isa = PBXGroup;
			children = (
				8C44D5A0298F75590058994A /* UserDefaultsStorage.swift */,
			);
			path = UserDefaultsStorage;
			sourceTree = "<group>";
		};
		8CD3549B298DEEEB0027FA94 = {
			isa = PBXGroup;
			children = (
				8CD354A6298DEEEB0027FA94 /* MVVM-Sample */,
				8CD354A5298DEEEB0027FA94 /* Products */,
			);
			sourceTree = "<group>";
		};
		8CD354A5298DEEEB0027FA94 /* Products */ = {
			isa = PBXGroup;
			children = (
				8CD354A4298DEEEB0027FA94 /* MVVM-Sample.app */,
			);
			name = Products;
			sourceTree = "<group>";
		};
		8CD354A6298DEEEB0027FA94 /* MVVM-Sample */ = {
			isa = PBXGroup;
			children = (
				8CD354D2298DF0A80027FA94 /* AppDIContainer */,
				8CD354D3298DF0B20027FA94 /* DataLayer */,
				8CD354D4298DF0B90027FA94 /* DomainLayer */,
				8CD354D5298DF0BF0027FA94 /* PresentationLayer */,
				8CD354D6298DF0CC0027FA94 /* Utils */,
				8CD354AB298DEEEB0027FA94 /* Assets.xcassets */,
				8CD354AD298DEEEB0027FA94 /* MVVM-Sample.entitlements */,
				8CD354E5298DFAAA0027FA94 /* Info.plist */,
				8CD354AE298DEEEB0027FA94 /* Preview Content */,
			);
			path = "MVVM-Sample";
			sourceTree = "<group>";
		};
		8CD354AE298DEEEB0027FA94 /* Preview Content */ = {
			isa = PBXGroup;
			children = (
				8CD354AF298DEEEB0027FA94 /* Preview Assets.xcassets */,
			);
			path = "Preview Content";
			sourceTree = "<group>";
		};
		8CD354D2298DF0A80027FA94 /* AppDIContainer */ = {
			isa = PBXGroup;
			children = (
				8CD354E8298DFC910027FA94 /* AppDI.swift */,
				8CD354EA298DFCCB0027FA94 /* AppDIContainerInterface.swift */,
			);
			path = AppDIContainer;
			sourceTree = "<group>";
		};
		8CD354D3298DF0B20027FA94 /* DataLayer */ = {
			isa = PBXGroup;
			children = (
				8CD354D7298DF0E10027FA94 /* DTO */,
				8CD354D8298DF0E50027FA94 /* DataSource */,
				8CD354DB298DF1060027FA94 /* Repository */,
			);
			path = DataLayer;
			sourceTree = "<group>";
		};
		8CD354D4298DF0B90027FA94 /* DomainLayer */ = {
			isa = PBXGroup;
			children = (
				8CD354DC298DF1120027FA94 /* UseCase */,
				8CD354D9298DF0EC0027FA94 /* Entity */,
			);
			path = DomainLayer;
			sourceTree = "<group>";
		};
		8CD354D5298DF0BF0027FA94 /* PresentationLayer */ = {
			isa = PBXGroup;
			children = (
				8CD354E2298DF16E0027FA94 /* ViewModel */,
				8CD354E1298DF16A0027FA94 /* View */,
			);
			path = PresentationLayer;
			sourceTree = "<group>";
		};
		8CD354D6298DF0CC0027FA94 /* Utils */ = {
			isa = PBXGroup;
			children = (
				8CD354E4298DF1840027FA94 /* CommonUtils */,
				8CD354E3298DF1790027FA94 /* UiUtils */,
			);
			path = Utils;
			sourceTree = "<group>";
		};
		8CD354D7298DF0E10027FA94 /* DTO */ = {
			isa = PBXGroup;
			children = (
				8CD354F1298E00A00027FA94 /* MovieResponseDTO.swift */,
				8CD354F3298E02310027FA94 /* MovieDTO.swift */,
				8C44D588298E82A70058994A /* MovieDetailResponseDTO.swift */,
			);
			path = DTO;
			sourceTree = "<group>";
		};
		8CD354D8298DF0E50027FA94 /* DataSource */ = {
			isa = PBXGroup;
			children = (
				8CD354EF298DFE280027FA94 /* MovieDataSource.swift */,
			);
			path = DataSource;
			sourceTree = "<group>";
		};
		8CD354D9298DF0EC0027FA94 /* Entity */ = {
			isa = PBXGroup;
			children = (
				8CD354F9298E077B0027FA94 /* MovieEntity.swift */,
				8CD354FB298E09630027FA94 /* MovieListEntity.swift */,
				8C44D58A298E85DB0058994A /* MovieDetailEntity.swift */,
			);
			path = Entity;
			sourceTree = "<group>";
		};
		8CD354DA298DF0F10027FA94 /* RepositoryInterface */ = {
			isa = PBXGroup;
			children = (
				8C44D597298F716D0058994A /* Local */,
				8CD354DF298DF1590027FA94 /* Remote */,
			);
			path = RepositoryInterface;
			sourceTree = "<group>";
		};
		8CD354DB298DF1060027FA94 /* Repository */ = {
			isa = PBXGroup;
			children = (
				8C44D59A298F718B0058994A /* Local */,
				8CD354DD298DF1510027FA94 /* Remote */,
			);
			path = Repository;
			sourceTree = "<group>";
		};
		8CD354DC298DF1120027FA94 /* UseCase */ = {
			isa = PBXGroup;
			children = (
				8CD354DA298DF0F10027FA94 /* RepositoryInterface */,
				8CD354FD298E0D8E0027FA94 /* MovieUseCase.swift */,
				8C44D5A5298F7C580058994A /* UserDefaultsUseCase.swift */,
			);
			path = UseCase;
			sourceTree = "<group>";
		};
		8CD354DD298DF1510027FA94 /* Remote */ = {
			isa = PBXGroup;
			children = (
				8CD354F5298E07370027FA94 /* MovieRepository.swift */,
			);
			path = Remote;
			sourceTree = "<group>";
		};
		8CD354DF298DF1590027FA94 /* Remote */ = {
			isa = PBXGroup;
			children = (
				8CD354F7298E07590027FA94 /* MovieRepositoryInterface.swift */,
			);
			path = Remote;
			sourceTree = "<group>";
		};
		8CD354E1298DF16A0027FA94 /* View */ = {
			isa = PBXGroup;
			children = (
				8CD35508298E21190027FA94 /* TabBar */,
				8C44D59D298F72290058994A /* Common */,
				8C44D59F298F723F0058994A /* BookmarkView */,
				8C44D59E298F72380058994A /* SearchView */,
				8C44D57F298E44F80058994A /* MovieView */,
				8CD35512298E27050027FA94 /* MainView.swift */,
				8CD354A7298DEEEB0027FA94 /* MVVM-Sample.swift */,
			);
			path = View;
			sourceTree = "<group>";
		};
		8CD354E2298DF16E0027FA94 /* ViewModel */ = {
			isa = PBXGroup;
			children = (
				8CD3550B298E223F0027FA94 /* TabBarRouter */,
				8CD354FF298E0E050027FA94 /* MovieViewModel.swift */,
				8C44D590298EAF380058994A /* SearchViewModel.swift */,
				8C44D5A7298F7EFF0058994A /* BookmarkViewModel.swift */,
			);
			path = ViewModel;
			sourceTree = "<group>";
		};
		8CD354E3298DF1790027FA94 /* UiUtils */ = {
			isa = PBXGroup;
			children = (
				8CD35505298E19780027FA94 /* Components */,
				8CD35504298E19710027FA94 /* ViewExtension */,
				8CD35503298E196A0027FA94 /* ViewModifier */,
				8CD3551C298E3EA80027FA94 /* OffsetPreferenceKey.swift */,
			);
			path = UiUtils;
			sourceTree = "<group>";
		};
		8CD354E4298DF1840027FA94 /* CommonUtils */ = {
			isa = PBXGroup;
			children = (
				8C44D594298F70AC0058994A /* PropertyWrapper */,
				8CD354EC298DFDBB0027FA94 /* Network */,
			);
			path = CommonUtils;
			sourceTree = "<group>";
		};
		8CD354EC298DFDBB0027FA94 /* Network */ = {
			isa = PBXGroup;
			children = (
				8CD354E6298DFAD80027FA94 /* NetworkUtil.swift */,
				8CD354ED298DFDC60027FA94 /* NetworkError.swift */,
			);
			path = Network;
			sourceTree = "<group>";
		};
		8CD35503298E196A0027FA94 /* ViewModifier */ = {
			isa = PBXGroup;
			children = (
				8CD3550E298E234A0027FA94 /* NavigationBarModifier.swift */,
				8C44D582298E4A2C0058994A /* LoadingViewModifier.swift */,
				8C44D586298E703C0058994A /* ErrorViewModifier.swift */,
				8C44D5AB298F95710058994A /* DoubleTapAnimationViewModifier.swift */,
			);
			path = ViewModifier;
			sourceTree = "<group>";
		};
		8CD35504298E19710027FA94 /* ViewExtension */ = {
			isa = PBXGroup;
			children = (
				8CD3551E298E3EC30027FA94 /* Comparable.swift */,
				8CD35506298E1EC70027FA94 /* View.swift */,
				8CD35510298E23ED0027FA94 /* UIApplication.swift */,
				8C44D58C298E99B20058994A /* UINavigationController.swift */,
			);
			path = ViewExtension;
			sourceTree = "<group>";
		};
		8CD35505298E19780027FA94 /* Components */ = {
			isa = PBXGroup;
			children = (
				8CD35501298E18C80027FA94 /* AsyncImageLoader.swift */,
				8CD3551A298E3E400027FA94 /* RefreshableScrollView.swift */,
				8C44D58E298E9A120058994A /* BackButton.swift */,
			);
			name = Components;
			sourceTree = "<group>";
		};
		8CD35508298E21190027FA94 /* TabBar */ = {
			isa = PBXGroup;
			children = (
				8CD35509298E21240027FA94 /* BottomTabView.swift */,
				8CD35514298E29D50027FA94 /* TabBarIcon.swift */,
			);
			path = TabBar;
			sourceTree = "<group>";
		};
		8CD3550B298E223F0027FA94 /* TabBarRouter */ = {
			isa = PBXGroup;
			children = (
				8CD3550C298E224A0027FA94 /* ViewRouter.swift */,
			);
			path = TabBarRouter;
			sourceTree = "<group>";
		};
/* End PBXGroup section */

/* Begin PBXNativeTarget section */
		8CD354A3298DEEEB0027FA94 /* MVVM-Sample */ = {
			isa = PBXNativeTarget;
			buildConfigurationList = 8CD354C9298DEEEC0027FA94 /* Build configuration list for PBXNativeTarget "MVVM-Sample" */;
			buildPhases = (
				8CD354A0298DEEEB0027FA94 /* Sources */,
				8CD354A1298DEEEB0027FA94 /* Frameworks */,
				8CD354A2298DEEEB0027FA94 /* Resources */,
			);
			buildRules = (
			);
			dependencies = (
			);
			name = "MVVM-Sample";
			productName = "iOS-quest";
			productReference = 8CD354A4298DEEEB0027FA94 /* MVVM-Sample.app */;
			productType = "com.apple.product-type.application";
		};
/* End PBXNativeTarget section */

/* Begin PBXProject section */
		8CD3549C298DEEEB0027FA94 /* Project object */ = {
			isa = PBXProject;
			attributes = {
				BuildIndependentTargetsInParallel = 1;
				LastSwiftUpdateCheck = 1400;
				LastUpgradeCheck = 1400;
				TargetAttributes = {
					8CD354A3298DEEEB0027FA94 = {
						CreatedOnToolsVersion = 14.0.1;
					};
				};
			};
			buildConfigurationList = 8CD3549F298DEEEB0027FA94 /* Build configuration list for PBXProject "MVVM-Sample" */;
			compatibilityVersion = "Xcode 14.0";
			developmentRegion = en;
			hasScannedForEncodings = 0;
			knownRegions = (
				en,
				Base,
			);
			mainGroup = 8CD3549B298DEEEB0027FA94;
			productRefGroup = 8CD354A5298DEEEB0027FA94 /* Products */;
			projectDirPath = "";
			projectRoot = "";
			targets = (
				8CD354A3298DEEEB0027FA94 /* MVVM-Sample */,
			);
		};
/* End PBXProject section */

/* Begin PBXResourcesBuildPhase section */
		8CD354A2298DEEEB0027FA94 /* Resources */ = {
			isa = PBXResourcesBuildPhase;
			buildActionMask = 2147483647;
			files = (
				8CD354B0298DEEEB0027FA94 /* Preview Assets.xcassets in Resources */,
				8CD354AC298DEEEB0027FA94 /* Assets.xcassets in Resources */,
			);
			runOnlyForDeploymentPostprocessing = 0;
		};
/* End PBXResourcesBuildPhase section */

/* Begin PBXSourcesBuildPhase section */
		8CD354A0298DEEEB0027FA94 /* Sources */ = {
			isa = PBXSourcesBuildPhase;
			buildActionMask = 2147483647;
			files = (
				8C44D583298E4A2C0058994A /* LoadingViewModifier.swift in Sources */,
				8CD354E9298DFC910027FA94 /* AppDI.swift in Sources */,
				8C44D585298E6F230058994A /* MovieDetailView.swift in Sources */,
				8CD3551D298E3EA80027FA94 /* OffsetPreferenceKey.swift in Sources */,
				8C44D591298EAF380058994A /* SearchViewModel.swift in Sources */,
				8C44D5AC298F95710058994A /* DoubleTapAnimationViewModifier.swift in Sources */,
				8CD354F8298E07590027FA94 /* MovieRepositoryInterface.swift in Sources */,
				8CD354AA298DEEEB0027FA94 /* MovieListView.swift in Sources */,
				8C44D58D298E99B20058994A /* UINavigationController.swift in Sources */,
				8C44D587298E703C0058994A /* ErrorViewModifier.swift in Sources */,
				8CD35519298E343F0027FA94 /* BookmarkView.swift in Sources */,
				8CD354EB298DFCCB0027FA94 /* AppDIContainerInterface.swift in Sources */,
				8CD3551B298E3E400027FA94 /* RefreshableScrollView.swift in Sources */,
				8CD35517298E34310027FA94 /* SearchView.swift in Sources */,
				8CD35507298E1EC70027FA94 /* View.swift in Sources */,
				8CD3551F298E3EC30027FA94 /* Comparable.swift in Sources */,
				8CD354FE298E0D8E0027FA94 /* MovieUseCase.swift in Sources */,
				8CD354EE298DFDC60027FA94 /* NetworkError.swift in Sources */,
				8C44D596298F70C80058994A /* UserDefaultsWrapper.swift in Sources */,
				8C44D5A3298F7ABD0058994A /* UserDefaultsRepository.swift in Sources */,
				8C44D581298E450E0058994A /* MovieItemView.swift in Sources */,
				8C44D5A6298F7C580058994A /* UserDefaultsUseCase.swift in Sources */,
				8C44D589298E82A70058994A /* MovieDetailResponseDTO.swift in Sources */,
				8CD35513298E27050027FA94 /* MainView.swift in Sources */,
				8C44D5A1298F75590058994A /* UserDefaultsStorage.swift in Sources */,
				8CD354A8298DEEEB0027FA94 /* MVVM-Sample.swift in Sources */,
				8CD354F2298E00A00027FA94 /* MovieResponseDTO.swift in Sources */,
				8CD354F0298DFE280027FA94 /* MovieDataSource.swift in Sources */,
				8C44D599298F71820058994A /* UserDefaultsRepositoryInterface.swift in Sources */,
				8C44D5AA298F8E570058994A /* MovieInfoRow.swift in Sources */,
				8CD3550F298E234A0027FA94 /* NavigationBarModifier.swift in Sources */,
				8CD35502298E18C80027FA94 /* AsyncImageLoader.swift in Sources */,
				8CD3550D298E224A0027FA94 /* ViewRouter.swift in Sources */,
				8CD35515298E29D50027FA94 /* TabBarIcon.swift in Sources */,
				8CD354F4298E02310027FA94 /* MovieDTO.swift in Sources */,
				8CD354FA298E077B0027FA94 /* MovieEntity.swift in Sources */,
				8CD35511298E23ED0027FA94 /* UIApplication.swift in Sources */,
				8CD35500298E0E050027FA94 /* MovieViewModel.swift in Sources */,
				8CD354F6298E07370027FA94 /* MovieRepository.swift in Sources */,
				8C44D58B298E85DB0058994A /* MovieDetailEntity.swift in Sources */,
				8C44D58F298E9A120058994A /* BackButton.swift in Sources */,
				8C44D593298F65AD0058994A /* GenreView.swift in Sources */,
				8C44D5A8298F7EFF0058994A /* BookmarkViewModel.swift in Sources */,
				8CD354E7298DFAD80027FA94 /* NetworkUtil.swift in Sources */,
				8CD3550A298E21240027FA94 /* BottomTabView.swift in Sources */,
				8CD354FC298E09630027FA94 /* MovieListEntity.swift in Sources */,
			);
			runOnlyForDeploymentPostprocessing = 0;
		};
/* End PBXSourcesBuildPhase section */

/* Begin XCBuildConfiguration section */
		8CD354C7298DEEEC0027FA94 /* Debug */ = {
			isa = XCBuildConfiguration;
			buildSettings = {
				ALWAYS_SEARCH_USER_PATHS = NO;
				CLANG_ANALYZER_NONNULL = YES;
				CLANG_ANALYZER_NUMBER_OBJECT_CONVERSION = YES_AGGRESSIVE;
				CLANG_CXX_LANGUAGE_STANDARD = "gnu++20";
				CLANG_ENABLE_MODULES = YES;
				CLANG_ENABLE_OBJC_ARC = YES;
				CLANG_ENABLE_OBJC_WEAK = YES;
				CLANG_WARN_BLOCK_CAPTURE_AUTORELEASING = YES;
				CLANG_WARN_BOOL_CONVERSION = YES;
				CLANG_WARN_COMMA = YES;
				CLANG_WARN_CONSTANT_CONVERSION = YES;
				CLANG_WARN_DEPRECATED_OBJC_IMPLEMENTATIONS = YES;
				CLANG_WARN_DIRECT_OBJC_ISA_USAGE = YES_ERROR;
				CLANG_WARN_DOCUMENTATION_COMMENTS = YES;
				CLANG_WARN_EMPTY_BODY = YES;
				CLANG_WARN_ENUM_CONVERSION = YES;
				CLANG_WARN_INFINITE_RECURSION = YES;
				CLANG_WARN_INT_CONVERSION = YES;
				CLANG_WARN_NON_LITERAL_NULL_CONVERSION = YES;
				CLANG_WARN_OBJC_IMPLICIT_RETAIN_SELF = YES;
				CLANG_WARN_OBJC_LITERAL_CONVERSION = YES;
				CLANG_WARN_OBJC_ROOT_CLASS = YES_ERROR;
				CLANG_WARN_QUOTED_INCLUDE_IN_FRAMEWORK_HEADER = YES;
				CLANG_WARN_RANGE_LOOP_ANALYSIS = YES;
				CLANG_WARN_STRICT_PROTOTYPES = YES;
				CLANG_WARN_SUSPICIOUS_MOVE = YES;
				CLANG_WARN_UNGUARDED_AVAILABILITY = YES_AGGRESSIVE;
				CLANG_WARN_UNREACHABLE_CODE = YES;
				CLANG_WARN__DUPLICATE_METHOD_MATCH = YES;
				COPY_PHASE_STRIP = NO;
				DEBUG_INFORMATION_FORMAT = dwarf;
				ENABLE_STRICT_OBJC_MSGSEND = YES;
				ENABLE_TESTABILITY = YES;
				GCC_C_LANGUAGE_STANDARD = gnu11;
				GCC_DYNAMIC_NO_PIC = NO;
				GCC_NO_COMMON_BLOCKS = YES;
				GCC_OPTIMIZATION_LEVEL = 0;
				GCC_PREPROCESSOR_DEFINITIONS = (
					"DEBUG=1",
					"$(inherited)",
				);
				GCC_WARN_64_TO_32_BIT_CONVERSION = YES;
				GCC_WARN_ABOUT_RETURN_TYPE = YES_ERROR;
				GCC_WARN_UNDECLARED_SELECTOR = YES;
				GCC_WARN_UNINITIALIZED_AUTOS = YES_AGGRESSIVE;
				GCC_WARN_UNUSED_FUNCTION = YES;
				GCC_WARN_UNUSED_VARIABLE = YES;
				IPHONEOS_DEPLOYMENT_TARGET = 15.0;
				MTL_ENABLE_DEBUG_INFO = INCLUDE_SOURCE;
				MTL_FAST_MATH = YES;
				ONLY_ACTIVE_ARCH = YES;
				SWIFT_ACTIVE_COMPILATION_CONDITIONS = DEBUG;
				SWIFT_OPTIMIZATION_LEVEL = "-Onone";
			};
			name = Debug;
		};
		8CD354C8298DEEEC0027FA94 /* Release */ = {
			isa = XCBuildConfiguration;
			buildSettings = {
				ALWAYS_SEARCH_USER_PATHS = NO;
				CLANG_ANALYZER_NONNULL = YES;
				CLANG_ANALYZER_NUMBER_OBJECT_CONVERSION = YES_AGGRESSIVE;
				CLANG_CXX_LANGUAGE_STANDARD = "gnu++20";
				CLANG_ENABLE_MODULES = YES;
				CLANG_ENABLE_OBJC_ARC = YES;
				CLANG_ENABLE_OBJC_WEAK = YES;
				CLANG_WARN_BLOCK_CAPTURE_AUTORELEASING = YES;
				CLANG_WARN_BOOL_CONVERSION = YES;
				CLANG_WARN_COMMA = YES;
				CLANG_WARN_CONSTANT_CONVERSION = YES;
				CLANG_WARN_DEPRECATED_OBJC_IMPLEMENTATIONS = YES;
				CLANG_WARN_DIRECT_OBJC_ISA_USAGE = YES_ERROR;
				CLANG_WARN_DOCUMENTATION_COMMENTS = YES;
				CLANG_WARN_EMPTY_BODY = YES;
				CLANG_WARN_ENUM_CONVERSION = YES;
				CLANG_WARN_INFINITE_RECURSION = YES;
				CLANG_WARN_INT_CONVERSION = YES;
				CLANG_WARN_NON_LITERAL_NULL_CONVERSION = YES;
				CLANG_WARN_OBJC_IMPLICIT_RETAIN_SELF = YES;
				CLANG_WARN_OBJC_LITERAL_CONVERSION = YES;
				CLANG_WARN_OBJC_ROOT_CLASS = YES_ERROR;
				CLANG_WARN_QUOTED_INCLUDE_IN_FRAMEWORK_HEADER = YES;
				CLANG_WARN_RANGE_LOOP_ANALYSIS = YES;
				CLANG_WARN_STRICT_PROTOTYPES = YES;
				CLANG_WARN_SUSPICIOUS_MOVE = YES;
				CLANG_WARN_UNGUARDED_AVAILABILITY = YES_AGGRESSIVE;
				CLANG_WARN_UNREACHABLE_CODE = YES;
				CLANG_WARN__DUPLICATE_METHOD_MATCH = YES;
				COPY_PHASE_STRIP = NO;
				DEBUG_INFORMATION_FORMAT = "dwarf-with-dsym";
				ENABLE_NS_ASSERTIONS = NO;
				ENABLE_STRICT_OBJC_MSGSEND = YES;
				GCC_C_LANGUAGE_STANDARD = gnu11;
				GCC_NO_COMMON_BLOCKS = YES;
				GCC_WARN_64_TO_32_BIT_CONVERSION = YES;
				GCC_WARN_ABOUT_RETURN_TYPE = YES_ERROR;
				GCC_WARN_UNDECLARED_SELECTOR = YES;
				GCC_WARN_UNINITIALIZED_AUTOS = YES_AGGRESSIVE;
				GCC_WARN_UNUSED_FUNCTION = YES;
				GCC_WARN_UNUSED_VARIABLE = YES;
				IPHONEOS_DEPLOYMENT_TARGET = 15.0;
				MTL_ENABLE_DEBUG_INFO = NO;
				MTL_FAST_MATH = YES;
				SWIFT_COMPILATION_MODE = wholemodule;
				SWIFT_OPTIMIZATION_LEVEL = "-O";
			};
			name = Release;
		};
		8CD354CA298DEEEC0027FA94 /* Debug */ = {
			isa = XCBuildConfiguration;
			buildSettings = {
				ASSETCATALOG_COMPILER_APPICON_NAME = AppIcon;
				ASSETCATALOG_COMPILER_GLOBAL_ACCENT_COLOR_NAME = AccentColor;
				CODE_SIGN_ENTITLEMENTS = "MVVM-Sample/MVVM-Sample.entitlements";
				CODE_SIGN_STYLE = Automatic;
				CURRENT_PROJECT_VERSION = 1;
				DEVELOPMENT_ASSET_PATHS = "\"MVVM-Sample/Preview Content\"";
				DEVELOPMENT_TEAM = 69RY8NDZ33;
				ENABLE_HARDENED_RUNTIME = YES;
				ENABLE_PREVIEWS = YES;
				GENERATE_INFOPLIST_FILE = YES;
				INFOPLIST_FILE = "MVVM-Sample/Info.plist";
				"INFOPLIST_KEY_UIApplicationSceneManifest_Generation[sdk=iphoneos*]" = YES;
				"INFOPLIST_KEY_UIApplicationSceneManifest_Generation[sdk=iphonesimulator*]" = YES;
				"INFOPLIST_KEY_UIApplicationSupportsIndirectInputEvents[sdk=iphoneos*]" = YES;
				"INFOPLIST_KEY_UIApplicationSupportsIndirectInputEvents[sdk=iphonesimulator*]" = YES;
				"INFOPLIST_KEY_UILaunchScreen_Generation[sdk=iphoneos*]" = YES;
				"INFOPLIST_KEY_UILaunchScreen_Generation[sdk=iphonesimulator*]" = YES;
				"INFOPLIST_KEY_UIStatusBarStyle[sdk=iphoneos*]" = UIStatusBarStyleDefault;
				"INFOPLIST_KEY_UIStatusBarStyle[sdk=iphonesimulator*]" = UIStatusBarStyleDefault;
				INFOPLIST_KEY_UISupportedInterfaceOrientations = UIInterfaceOrientationPortrait;
				INFOPLIST_KEY_UISupportedInterfaceOrientations_iPad = "UIInterfaceOrientationLandscapeLeft UIInterfaceOrientationLandscapeRight UIInterfaceOrientationPortrait UIInterfaceOrientationPortraitUpsideDown";
				IPHONEOS_DEPLOYMENT_TARGET = 15.0;
				LD_RUNPATH_SEARCH_PATHS = "@executable_path/Frameworks";
				"LD_RUNPATH_SEARCH_PATHS[sdk=macosx*]" = "@executable_path/../Frameworks";
				MACOSX_DEPLOYMENT_TARGET = 12.3;
				MARKETING_VERSION = 1.0;
				PRODUCT_BUNDLE_IDENTIFIER = "com.parkhj0423.MVVM-Sample";
				PRODUCT_NAME = "$(TARGET_NAME)";
				SDKROOT = auto;
				SUPPORTED_PLATFORMS = "iphoneos iphonesimulator";
				SUPPORTS_MACCATALYST = NO;
				SUPPORTS_MAC_DESIGNED_FOR_IPHONE_IPAD = NO;
				SWIFT_EMIT_LOC_STRINGS = YES;
				SWIFT_VERSION = 5.0;
				TARGETED_DEVICE_FAMILY = 1;
			};
			name = Debug;
		};
		8CD354CB298DEEEC0027FA94 /* Release */ = {
			isa = XCBuildConfiguration;
			buildSettings = {
				ASSETCATALOG_COMPILER_APPICON_NAME = AppIcon;
				ASSETCATALOG_COMPILER_GLOBAL_ACCENT_COLOR_NAME = AccentColor;
				CODE_SIGN_ENTITLEMENTS = "MVVM-Sample/MVVM-Sample.entitlements";
				CODE_SIGN_STYLE = Automatic;
				CURRENT_PROJECT_VERSION = 1;
				DEVELOPMENT_ASSET_PATHS = "\"MVVM-Sample/Preview Content\"";
				DEVELOPMENT_TEAM = 69RY8NDZ33;
				ENABLE_HARDENED_RUNTIME = YES;
				ENABLE_PREVIEWS = YES;
				GENERATE_INFOPLIST_FILE = YES;
				INFOPLIST_FILE = "MVVM-Sample/Info.plist";
				"INFOPLIST_KEY_UIApplicationSceneManifest_Generation[sdk=iphoneos*]" = YES;
				"INFOPLIST_KEY_UIApplicationSceneManifest_Generation[sdk=iphonesimulator*]" = YES;
				"INFOPLIST_KEY_UIApplicationSupportsIndirectInputEvents[sdk=iphoneos*]" = YES;
				"INFOPLIST_KEY_UIApplicationSupportsIndirectInputEvents[sdk=iphonesimulator*]" = YES;
				"INFOPLIST_KEY_UILaunchScreen_Generation[sdk=iphoneos*]" = YES;
				"INFOPLIST_KEY_UILaunchScreen_Generation[sdk=iphonesimulator*]" = YES;
				"INFOPLIST_KEY_UIStatusBarStyle[sdk=iphoneos*]" = UIStatusBarStyleDefault;
				"INFOPLIST_KEY_UIStatusBarStyle[sdk=iphonesimulator*]" = UIStatusBarStyleDefault;
				INFOPLIST_KEY_UISupportedInterfaceOrientations = UIInterfaceOrientationPortrait;
				INFOPLIST_KEY_UISupportedInterfaceOrientations_iPad = "UIInterfaceOrientationLandscapeLeft UIInterfaceOrientationLandscapeRight UIInterfaceOrientationPortrait UIInterfaceOrientationPortraitUpsideDown";
				IPHONEOS_DEPLOYMENT_TARGET = 15.0;
				LD_RUNPATH_SEARCH_PATHS = "@executable_path/Frameworks";
				"LD_RUNPATH_SEARCH_PATHS[sdk=macosx*]" = "@executable_path/../Frameworks";
				MACOSX_DEPLOYMENT_TARGET = 12.3;
				MARKETING_VERSION = 1.0;
				PRODUCT_BUNDLE_IDENTIFIER = "com.parkhj0423.MVVM-Sample";
				PRODUCT_NAME = "$(TARGET_NAME)";
				SDKROOT = auto;
				SUPPORTED_PLATFORMS = "iphoneos iphonesimulator";
				SUPPORTS_MACCATALYST = NO;
				SUPPORTS_MAC_DESIGNED_FOR_IPHONE_IPAD = NO;
				SWIFT_EMIT_LOC_STRINGS = YES;
				SWIFT_VERSION = 5.0;
				TARGETED_DEVICE_FAMILY = 1;
			};
			name = Release;
		};
/* End XCBuildConfiguration section */

/* Begin XCConfigurationList section */
		8CD3549F298DEEEB0027FA94 /* Build configuration list for PBXProject "MVVM-Sample" */ = {
			isa = XCConfigurationList;
			buildConfigurations = (
				8CD354C7298DEEEC0027FA94 /* Debug */,
				8CD354C8298DEEEC0027FA94 /* Release */,
			);
			defaultConfigurationIsVisible = 0;
			defaultConfigurationName = Release;
		};
		8CD354C9298DEEEC0027FA94 /* Build configuration list for PBXNativeTarget "MVVM-Sample" */ = {
			isa = XCConfigurationList;
			buildConfigurations = (
				8CD354CA298DEEEC0027FA94 /* Debug */,
				8CD354CB298DEEEC0027FA94 /* Release */,
			);
			defaultConfigurationIsVisible = 0;
			defaultConfigurationName = Release;
		};
/* End XCConfigurationList section */
	};
	rootObject = 8CD3549C298DEEEB0027FA94 /* Project object */;
}
